
Microsoft Visual Studio Solution File, Format Version 12.00
# Visual Studio 15
VisualStudioVersion = 15.0.27130.2020
MinimumVisualStudioVersion = 10.0.40219.1
Project("{FAE04EC0-301F-11D3-BF4B-00C04F79EFBC}") = "501VSProject", "501VSProject.csproj", "{83170C1B-A15D-4B37-B2B7-B98DCF85374C}"
EndProject
Global
	GlobalSection(SolutionConfigurationPlatforms) = preSolution
		Debug|Any CPU = Debug|Any CPU
		Release|Any CPU = Release|Any CPU
	EndGlobalSection
	GlobalSection(ProjectConfigurationPlatforms) = postSolution
		{83170C1B-A15D-4B37-B2B7-B98DCF85374C}.Debug|Any CPU.ActiveCfg = Debug|Any CPU
		{83170C1B-A15D-4B37-B2B7-B98DCF85374C}.Debug|Any CPU.Build.0 = Debug|Any CPU
		{83170C1B-A15D-4B37-B2B7-B98DCF85374C}.Release|Any CPU.ActiveCfg = Release|Any CPU
		{83170C1B-A15D-4B37-B2B7-B98DCF85374C}.Release|Any CPU.Build.0 = Release|Any CPU
	EndGlobalSection
	GlobalSection(SolutionProperties) = preSolution
		HideSolutionNode = FALSE
	EndGlobalSection
	GlobalSection(ExtensibilityGlobals) = postSolution
		SolutionGuid = {771AB1F8-35BF-49F2-A27F-3FF4948482E0}
	EndGlobalSection
EndGlobal
